<?xml version="1.0" encoding="utf-8"?>
<Project ToolsVersion="4.0" xmlns="http://schemas.microsoft.com/developer/msbuild/2003">
  <ItemGroup>
    <Filter Include="源文件">
      <UniqueIdentifier>{4FC737F1-C7A5-4376-A066-2A32D752A2FF}</UniqueIdentifier>
      <Extensions>cpp;c;cc;cxx;def;odl;idl;hpj;bat;asm;asmx</Extensions>
    </Filter>
    <Filter Include="Common">
      <UniqueIdentifier>{d0b3a7a5-c5af-4a0b-91dc-da04f0450a2f}</UniqueIdentifier>
    </Filter>
    <Filter Include="SDK">
      <UniqueIdentifier>{03f2dd86-ed82-4551-8a2d-77f185faf48b}</UniqueIdentifier>
    </Filter>
  </ItemGroup>
  <ItemGroup>
    <ClCompile Include="EM.cpp">
      <Filter>源文件</Filter>
    </ClCompile>
    <ClCompile Include="Common\MemObjectTracer.cpp">
      <Filter>Common</Filter>
    </ClCompile>
    <ClCompile Include="PluginManager.cpp">
      <Filter>源文件</Filter>
    </ClCompile>
  </ItemGroup>
  <ItemGroup>
    <ClInclude Include="Common\Singleton.h">
      <Filter>Common</Filter>
    </ClInclude>
    <ClInclude Include="Common\MemObjectTracer.h">
      <Filter>Common</Filter>
    </ClInclude>
    <ClInclude Include="Common\Object.h">
      <Filter>Common</Filter>
    </ClInclude>
    <ClInclude Include="SDK\IModule.h">
      <Filter>SDK</Filter>
    </ClInclude>
    <ClInclude Include="SDK\IPlugin.h">
      <Filter>SDK</Filter>
    </ClInclude>
    <ClInclude Include="Common\Platform.h">
      <Filter>Common</Filter>
    </ClInclude>
    <ClInclude Include="PluginManager.h" />
  </ItemGroup>
</Project>